<Solution>
  <Folder Name="/src/">
    <Project Path="src/DependencyInjectionAttributes/DependencyInjectionAttributes.csproj" />
  </Folder>
  <Folder Name="/tests/">
    <Project Path="tests/DependencyInjectionAttributes.UnitTests/DependencyInjectionAttributes.UnitTests.csproj" />
  </Folder>
</Solution>
